
Microsoft Visual Studio Solution File, Format Version 12.00
# Visual Studio Version 16
VisualStudioVersion = 16.0.29709.97
MinimumVisualStudioVersion = 10.0.40219.1
Project("{FAE04EC0-301F-11D3-BF4B-00C04F79EFBC}") = "購物網站MVC", "購物網站MVC\購物網站MVC.csproj", "{450E76CA-5CE2-4318-96C7-3C8E4FC1DA1E}"
EndProject
Project("{FAE04EC0-301F-11D3-BF4B-00C04F79EFBC}") = "購物網站MVC.Tests", "購物網站MVC.Tests\購物網站MVC.Tests.csproj", "{B37E15F8-3C8F-41B4-BE13-B1D433AB0FF4}"
EndProject
Project("{FAE04EC0-301F-11D3-BF4B-00C04F79EFBC}") = "MVCV1", "MVCV1\MVCV1.csproj", "{17C3C54E-0643-4F57-AA06-644D8A855169}"
EndProject
Project("{FAE04EC0-301F-11D3-BF4B-00C04F79EFBC}") = "Net.DatabaseLib1", "Net.DatabaseLib1\Net.DatabaseLib1\Net.DatabaseLib1.csproj", "{BC3E91F9-869B-473A-9F60-47CAF2C15EBD}"
EndProject
Global
	GlobalSection(SolutionConfigurationPlatforms) = preSolution
		Debug|Any CPU = Debug|Any CPU
		Release|Any CPU = Release|Any CPU
	EndGlobalSection
	GlobalSection(ProjectConfigurationPlatforms) = postSolution
		{450E76CA-5CE2-4318-96C7-3C8E4FC1DA1E}.Debug|Any CPU.ActiveCfg = Debug|Any CPU
		{450E76CA-5CE2-4318-96C7-3C8E4FC1DA1E}.Debug|Any CPU.Build.0 = Debug|Any CPU
		{450E76CA-5CE2-4318-96C7-3C8E4FC1DA1E}.Release|Any CPU.ActiveCfg = Release|Any CPU
		{450E76CA-5CE2-4318-96C7-3C8E4FC1DA1E}.Release|Any CPU.Build.0 = Release|Any CPU
		{B37E15F8-3C8F-41B4-BE13-B1D433AB0FF4}.Debug|Any CPU.ActiveCfg = Debug|Any CPU
		{B37E15F8-3C8F-41B4-BE13-B1D433AB0FF4}.Debug|Any CPU.Build.0 = Debug|Any CPU
		{B37E15F8-3C8F-41B4-BE13-B1D433AB0FF4}.Release|Any CPU.ActiveCfg = Release|Any CPU
		{B37E15F8-3C8F-41B4-BE13-B1D433AB0FF4}.Release|Any CPU.Build.0 = Release|Any CPU
		{17C3C54E-0643-4F57-AA06-644D8A855169}.Debug|Any CPU.ActiveCfg = Debug|Any CPU
		{17C3C54E-0643-4F57-AA06-644D8A855169}.Debug|Any CPU.Build.0 = Debug|Any CPU
		{17C3C54E-0643-4F57-AA06-644D8A855169}.Release|Any CPU.ActiveCfg = Release|Any CPU
		{17C3C54E-0643-4F57-AA06-644D8A855169}.Release|Any CPU.Build.0 = Release|Any CPU
		{BC3E91F9-869B-473A-9F60-47CAF2C15EBD}.Debug|Any CPU.ActiveCfg = Debug|Any CPU
		{BC3E91F9-869B-473A-9F60-47CAF2C15EBD}.Debug|Any CPU.Build.0 = Debug|Any CPU
		{BC3E91F9-869B-473A-9F60-47CAF2C15EBD}.Release|Any CPU.ActiveCfg = Release|Any CPU
		{BC3E91F9-869B-473A-9F60-47CAF2C15EBD}.Release|Any CPU.Build.0 = Release|Any CPU
	EndGlobalSection
	GlobalSection(SolutionProperties) = preSolution
		HideSolutionNode = FALSE
	EndGlobalSection
	GlobalSection(ExtensibilityGlobals) = postSolution
		SolutionGuid = {158C7601-3985-4164-AA2F-D8DD7D97BF7A}
	EndGlobalSection
EndGlobal
