
Microsoft Visual Studio Solution File, Format Version 12.00
# Visual Studio Version 16
VisualStudioVersion = 16.0.29709.97
MinimumVisualStudioVersion = 10.0.40219.1
Project("{FAE04EC0-301F-11D3-BF4B-00C04F79EFBC}") = "NetWebForm", "WebForm_Test\NetWebForm.csproj", "{3F9AE9B4-6F26-458C-A313-99C09BDE98C6}"
EndProject
Project("{FAE04EC0-301F-11D3-BF4B-00C04F79EFBC}") = "主控台應用_Test", "主控台應用_Test\主控台應用_Test.csproj", "{5221F943-E176-4B35-B8F0-1AE3C3B48AF3}"
EndProject
Project("{FAE04EC0-301F-11D3-BF4B-00C04F79EFBC}") = "類別庫A", "類別庫A\類別庫A.csproj", "{225933FF-BA14-4D32-8AD8-7D1C9CD91CF3}"
EndProject
Project("{9A19103F-16F7-4668-BE54-9A1E7A4F7556}") = "類別庫B", "類別庫B\類別庫B.csproj", "{041E7E5B-CC24-429F-951F-ABBF1EE10810}"
EndProject
Project("{FAE04EC0-301F-11D3-BF4B-00C04F79EFBC}") = "NetMVC", "MVC_Test\NetMVC.csproj", "{17C3C54E-0643-4F57-AA06-644D8A855169}"
EndProject
Project("{FAE04EC0-301F-11D3-BF4B-00C04F79EFBC}") = "購物網站MVC_Demo", "購物網站MVC_Demo\購物網站MVC_Demo.csproj", "{450E76CA-5CE2-4318-96C7-3C8E4FC1DA1E}"
EndProject
Project("{FAE04EC0-301F-11D3-BF4B-00C04F79EFBC}") = "購物網站MVC_Demo.Tests", "購物網站MVC_Demo.Tests\購物網站MVC_Demo.Tests.csproj", "{B37E15F8-3C8F-41B4-BE13-B1D433AB0FF4}"
EndProject
Project("{9A19103F-16F7-4668-BE54-9A1E7A4F7556}") = "RazorPage", "RazorPage_Test\RazorPage.csproj", "{B5CF2270-8601-4B76-96D5-061E4169B12A}"
EndProject
Project("{9A19103F-16F7-4668-BE54-9A1E7A4F7556}") = "CoreMVC", "CoreMVC\CoreMVC.csproj", "{ED6977B5-C420-4863-9232-1EF0D7A0C885}"
EndProject
Project("{9A19103F-16F7-4668-BE54-9A1E7A4F7556}") = "CoreDBLibrary", "CoreDBLibrary\CoreDBLibrary.csproj", "{CDCCDBCC-F817-4AFD-BCC8-2792F9452988}"
EndProject
Project("{FAE04EC0-301F-11D3-BF4B-00C04F79EFBC}") = "CoreEmpty", "CoreEmpty\CoreEmpty.csproj", "{FD3660F5-7166-49CE-B14C-30162CD47AE6}"
EndProject
Global
	GlobalSection(SolutionConfigurationPlatforms) = preSolution
		Debug|Any CPU = Debug|Any CPU
		Release|Any CPU = Release|Any CPU
	EndGlobalSection
	GlobalSection(ProjectConfigurationPlatforms) = postSolution
		{3F9AE9B4-6F26-458C-A313-99C09BDE98C6}.Debug|Any CPU.ActiveCfg = Debug|Any CPU
		{3F9AE9B4-6F26-458C-A313-99C09BDE98C6}.Debug|Any CPU.Build.0 = Debug|Any CPU
		{3F9AE9B4-6F26-458C-A313-99C09BDE98C6}.Release|Any CPU.ActiveCfg = Release|Any CPU
		{3F9AE9B4-6F26-458C-A313-99C09BDE98C6}.Release|Any CPU.Build.0 = Release|Any CPU
		{5221F943-E176-4B35-B8F0-1AE3C3B48AF3}.Debug|Any CPU.ActiveCfg = Debug|Any CPU
		{5221F943-E176-4B35-B8F0-1AE3C3B48AF3}.Debug|Any CPU.Build.0 = Debug|Any CPU
		{5221F943-E176-4B35-B8F0-1AE3C3B48AF3}.Release|Any CPU.ActiveCfg = Release|Any CPU
		{5221F943-E176-4B35-B8F0-1AE3C3B48AF3}.Release|Any CPU.Build.0 = Release|Any CPU
		{225933FF-BA14-4D32-8AD8-7D1C9CD91CF3}.Debug|Any CPU.ActiveCfg = Debug|Any CPU
		{225933FF-BA14-4D32-8AD8-7D1C9CD91CF3}.Debug|Any CPU.Build.0 = Debug|Any CPU
		{225933FF-BA14-4D32-8AD8-7D1C9CD91CF3}.Release|Any CPU.ActiveCfg = Release|Any CPU
		{225933FF-BA14-4D32-8AD8-7D1C9CD91CF3}.Release|Any CPU.Build.0 = Release|Any CPU
		{041E7E5B-CC24-429F-951F-ABBF1EE10810}.Debug|Any CPU.ActiveCfg = Debug|Any CPU
		{041E7E5B-CC24-429F-951F-ABBF1EE10810}.Debug|Any CPU.Build.0 = Debug|Any CPU
		{041E7E5B-CC24-429F-951F-ABBF1EE10810}.Release|Any CPU.ActiveCfg = Release|Any CPU
		{041E7E5B-CC24-429F-951F-ABBF1EE10810}.Release|Any CPU.Build.0 = Release|Any CPU
		{17C3C54E-0643-4F57-AA06-644D8A855169}.Debug|Any CPU.ActiveCfg = Debug|Any CPU
		{17C3C54E-0643-4F57-AA06-644D8A855169}.Debug|Any CPU.Build.0 = Debug|Any CPU
		{17C3C54E-0643-4F57-AA06-644D8A855169}.Release|Any CPU.ActiveCfg = Release|Any CPU
		{17C3C54E-0643-4F57-AA06-644D8A855169}.Release|Any CPU.Build.0 = Release|Any CPU
		{450E76CA-5CE2-4318-96C7-3C8E4FC1DA1E}.Debug|Any CPU.ActiveCfg = Debug|Any CPU
		{450E76CA-5CE2-4318-96C7-3C8E4FC1DA1E}.Debug|Any CPU.Build.0 = Debug|Any CPU
		{450E76CA-5CE2-4318-96C7-3C8E4FC1DA1E}.Release|Any CPU.ActiveCfg = Release|Any CPU
		{450E76CA-5CE2-4318-96C7-3C8E4FC1DA1E}.Release|Any CPU.Build.0 = Release|Any CPU
		{B37E15F8-3C8F-41B4-BE13-B1D433AB0FF4}.Debug|Any CPU.ActiveCfg = Debug|Any CPU
		{B37E15F8-3C8F-41B4-BE13-B1D433AB0FF4}.Debug|Any CPU.Build.0 = Debug|Any CPU
		{B37E15F8-3C8F-41B4-BE13-B1D433AB0FF4}.Release|Any CPU.ActiveCfg = Release|Any CPU
		{B37E15F8-3C8F-41B4-BE13-B1D433AB0FF4}.Release|Any CPU.Build.0 = Release|Any CPU
		{B5CF2270-8601-4B76-96D5-061E4169B12A}.Debug|Any CPU.ActiveCfg = Debug|Any CPU
		{B5CF2270-8601-4B76-96D5-061E4169B12A}.Debug|Any CPU.Build.0 = Debug|Any CPU
		{B5CF2270-8601-4B76-96D5-061E4169B12A}.Release|Any CPU.ActiveCfg = Release|Any CPU
		{B5CF2270-8601-4B76-96D5-061E4169B12A}.Release|Any CPU.Build.0 = Release|Any CPU
		{ED6977B5-C420-4863-9232-1EF0D7A0C885}.Debug|Any CPU.ActiveCfg = Debug|Any CPU
		{ED6977B5-C420-4863-9232-1EF0D7A0C885}.Debug|Any CPU.Build.0 = Debug|Any CPU
		{ED6977B5-C420-4863-9232-1EF0D7A0C885}.Release|Any CPU.ActiveCfg = Release|Any CPU
		{ED6977B5-C420-4863-9232-1EF0D7A0C885}.Release|Any CPU.Build.0 = Release|Any CPU
		{CDCCDBCC-F817-4AFD-BCC8-2792F9452988}.Debug|Any CPU.ActiveCfg = Debug|Any CPU
		{CDCCDBCC-F817-4AFD-BCC8-2792F9452988}.Debug|Any CPU.Build.0 = Debug|Any CPU
		{CDCCDBCC-F817-4AFD-BCC8-2792F9452988}.Release|Any CPU.ActiveCfg = Release|Any CPU
		{CDCCDBCC-F817-4AFD-BCC8-2792F9452988}.Release|Any CPU.Build.0 = Release|Any CPU
		{FD3660F5-7166-49CE-B14C-30162CD47AE6}.Debug|Any CPU.ActiveCfg = Debug|Any CPU
		{FD3660F5-7166-49CE-B14C-30162CD47AE6}.Debug|Any CPU.Build.0 = Debug|Any CPU
		{FD3660F5-7166-49CE-B14C-30162CD47AE6}.Release|Any CPU.ActiveCfg = Release|Any CPU
		{FD3660F5-7166-49CE-B14C-30162CD47AE6}.Release|Any CPU.Build.0 = Release|Any CPU
	EndGlobalSection
	GlobalSection(SolutionProperties) = preSolution
		HideSolutionNode = FALSE
	EndGlobalSection
	GlobalSection(ExtensibilityGlobals) = postSolution
		SolutionGuid = {158C7601-3985-4164-AA2F-D8DD7D97BF7A}
	EndGlobalSection
EndGlobal
