
Microsoft Visual Studio Solution File, Format Version 12.00
# Visual Studio Version 16
VisualStudioVersion = 16.0.30128.74
MinimumVisualStudioVersion = 10.0.40219.1
Project("{FAE04EC0-301F-11D3-BF4B-00C04F79EFBC}") = "Net.Mvc", "Net.Mvc\Net.Mvc.csproj", "{E4A623B7-3882-46EA-828D-FC5A4080749E}"
EndProject
Global
	GlobalSection(SolutionConfigurationPlatforms) = preSolution
		Debug|Any CPU = Debug|Any CPU
		Release|Any CPU = Release|Any CPU
	EndGlobalSection
	GlobalSection(ProjectConfigurationPlatforms) = postSolution
		{E4A623B7-3882-46EA-828D-FC5A4080749E}.Debug|Any CPU.ActiveCfg = Debug|Any CPU
		{E4A623B7-3882-46EA-828D-FC5A4080749E}.Debug|Any CPU.Build.0 = Debug|Any CPU
		{E4A623B7-3882-46EA-828D-FC5A4080749E}.Release|Any CPU.ActiveCfg = Release|Any CPU
		{E4A623B7-3882-46EA-828D-FC5A4080749E}.Release|Any CPU.Build.0 = Release|Any CPU
	EndGlobalSection
	GlobalSection(SolutionProperties) = preSolution
		HideSolutionNode = FALSE
	EndGlobalSection
	GlobalSection(ExtensibilityGlobals) = postSolution
		SolutionGuid = {54BEDCBD-487B-4D83-8329-6CCE442EBF7A}
	EndGlobalSection
EndGlobal
